
Microsoft Visual Studio Solution File, Format Version 12.00
# Visual Studio Version 16
VisualStudioVersion = 16.0.30517.126
MinimumVisualStudioVersion = 10.0.40219.1
Project("{FAE04EC0-301F-11D3-BF4B-00C04F79EFBC}") = "Chat_ClienteServidor", "Chat_ClienteServidor\Chat_ClienteServidor.csproj", "{D167F80D-2124-46A6-8E7E-8DCA681FAF02}"
EndProject
Global
	GlobalSection(SolutionConfigurationPlatforms) = preSolution
		Debug|Any CPU = Debug|Any CPU
		Release|Any CPU = Release|Any CPU
	EndGlobalSection
	GlobalSection(ProjectConfigurationPlatforms) = postSolution
		{D167F80D-2124-46A6-8E7E-8DCA681FAF02}.Debug|Any CPU.ActiveCfg = Debug|Any CPU
		{D167F80D-2124-46A6-8E7E-8DCA681FAF02}.Debug|Any CPU.Build.0 = Debug|Any CPU
		{D167F80D-2124-46A6-8E7E-8DCA681FAF02}.Release|Any CPU.ActiveCfg = Release|Any CPU
		{D167F80D-2124-46A6-8E7E-8DCA681FAF02}.Release|Any CPU.Build.0 = Release|Any CPU
	EndGlobalSection
	GlobalSection(SolutionProperties) = preSolution
		HideSolutionNode = FALSE
	EndGlobalSection
	GlobalSection(ExtensibilityGlobals) = postSolution
		SolutionGuid = {6F965357-D48D-41CB-93CD-DF13FAA37159}
	EndGlobalSection
EndGlobal
